# THIS IS AN AUTOGENERATED FILE. DO NOT EDIT THIS FILE DIRECTLY.
# yarn lockfile v1


angular-cookies@1.2.x:
  version "1.2.32"
  resolved "https://registry.yarnpkg.com/angular-cookies/-/angular-cookies-1.2.32.tgz#213ad77b060f44b34f11c6100b2ea54ef90d3606"

angular-route@1.2.x:
  version "1.2.32"
  resolved "https://registry.yarnpkg.com/angular-route/-/angular-route-1.2.32.tgz#90ae8f8bd1b283cb76fab1c7fcb7d655066a955f"

angular@1.2.x:
  version "1.2.32"
  resolved "https://registry.yarnpkg.com/angular/-/angular-1.2.32.tgz#df52625a5167919931418dda3a9208b9f5fa3db4"
